PODS:
  - AZConstraintsRegister (0.1.4)
  - Expecta (0.2.4)
  - Specta (0.2.1)

DEPENDENCIES:
  - AZConstraintsRegister (from `../`)
  - AZConstraintsRegister (from `../AZConstraintsRegister.podspec`)
  - Expecta (~> 0.2.3)
  - Specta (~> 0.2.1)

EXTERNAL SOURCES:
  AZConstraintsRegister:
    :path: ../AZConstraintsRegister.podspec

SPEC CHECKSUMS:
  AZConstraintsRegister: 66e80df2d869b54574018fe95e6915d9a9db51c7
  Expecta: 112bcafa2304ee0f3c5e586505f24555a47b25d5
  Specta: 9141310f46b1f68b676650ff2854e1ed0b74163a

COCOAPODS: 0.34.2
