PODS:
  - AZConstraintsRegister (0.1.2)
  - Expecta (0.2.4)
  - Specta (0.2.1)

DEPENDENCIES:
  - AZConstraintsRegister (from `../AZConstraintsRegister.podspec`)
  - Expecta (~> 0.2.3)
  - Specta (~> 0.2.1)

EXTERNAL SOURCES:
  AZConstraintsRegister:
    :path: ../AZConstraintsRegister.podspec

SPEC CHECKSUMS:
  AZConstraintsRegister: a6075fd43d2d829eee2ba46a8fdac2a49740fd3d
  Expecta: 5c147dedfea5fbcf773995f7e65020abcc936ce5
  Specta: 2d06220591110c6d9757d8be8ecf8e63aa40dc2a

COCOAPODS: 0.29.0
